
Microsoft Visual Studio Solution File, Format Version 12.00
# Visual Studio 15
VisualStudioVersion = 15.0.27130.2020
MinimumVisualStudioVersion = 10.0.40219.1
Project("{9A19103F-16F7-4668-BE54-9A1E7A4F7556}") = "KokeiroLifeLogger", "KokeiroLifeLogger\KokeiroLifeLogger.csproj", "{CF3F474F-377F-4945-8B2B-55FBCD427E37}"
EndProject
Project("{9A19103F-16F7-4668-BE54-9A1E7A4F7556}") = "KokeiroLifeLogger.Test", "KokeiroLifeLogger.Test\KokeiroLifeLogger.Test.csproj", "{2490952E-CBEB-4370-A5D3-BA7C2D69C875}"
EndProject
Global
	GlobalSection(SolutionConfigurationPlatforms) = preSolution
		Debug|Any CPU = Debug|Any CPU
		Release|Any CPU = Release|Any CPU
	EndGlobalSection
	GlobalSection(ProjectConfigurationPlatforms) = postSolution
		{CF3F474F-377F-4945-8B2B-55FBCD427E37}.Debug|Any CPU.ActiveCfg = Debug|Any CPU
		{CF3F474F-377F-4945-8B2B-55FBCD427E37}.Debug|Any CPU.Build.0 = Debug|Any CPU
		{CF3F474F-377F-4945-8B2B-55FBCD427E37}.Release|Any CPU.ActiveCfg = Release|Any CPU
		{CF3F474F-377F-4945-8B2B-55FBCD427E37}.Release|Any CPU.Build.0 = Release|Any CPU
		{2490952E-CBEB-4370-A5D3-BA7C2D69C875}.Debug|Any CPU.ActiveCfg = Debug|Any CPU
		{2490952E-CBEB-4370-A5D3-BA7C2D69C875}.Debug|Any CPU.Build.0 = Debug|Any CPU
		{2490952E-CBEB-4370-A5D3-BA7C2D69C875}.Release|Any CPU.ActiveCfg = Release|Any CPU
		{2490952E-CBEB-4370-A5D3-BA7C2D69C875}.Release|Any CPU.Build.0 = Release|Any CPU
	EndGlobalSection
	GlobalSection(SolutionProperties) = preSolution
		HideSolutionNode = FALSE
	EndGlobalSection
	GlobalSection(ExtensibilityGlobals) = postSolution
		SolutionGuid = {BC170181-2C4F-4CE5-AC1D-CA364B2F6C18}
	EndGlobalSection
EndGlobal
